// !$*UTF8*$!
{
	archiveVersion = 1;
	classes = {
	};
	objectVersion = 56;
	objects = {

/* Begin PBXBuildFile section */
		C7710AB32DA5693F00233E75 /* RegisterAppApp.swift in Sources */ = {isa = PBXBuildFile; fileRef = C7710AB22DA5693F00233E75 /* RegisterAppApp.swift */; };
		C7710AB52DA5693F00233E75 /* ContentView.swift in Sources */ = {isa = PBXBuildFile; fileRef = C7710AB42DA5693F00233E75 /* ContentView.swift */; };
		C7710AB72DA5694100233E75 /* Assets.xcassets in Resources */ = {isa = PBXBuildFile; fileRef = C7710AB62DA5694100233E75 /* Assets.xcassets */; };
		C7710ABA2DA5694100233E75 /* Preview Assets.xcassets in Resources */ = {isa = PBXBuildFile; fileRef = C7710AB92DA5694100233E75 /* Preview Assets.xcassets */; };
		C7710AC42DA5694100233E75 /* RegisterAppTests.swift in Sources */ = {isa = PBXBuildFile; fileRef = C7710AC32DA5694100233E75 /* RegisterAppTests.swift */; };
		C7710ACE2DA5694100233E75 /* RegisterAppUITests.swift in Sources */ = {isa = PBXBuildFile; fileRef = C7710ACD2DA5694100233E75 /* RegisterAppUITests.swift */; };
		C7710AD02DA5694100233E75 /* RegisterAppUITestsLaunchTests.swift in Sources */ = {isa = PBXBuildFile; fileRef = C7710ACF2DA5694100233E75 /* RegisterAppUITestsLaunchTests.swift */; };
/* End PBXBuildFile section */

/* Begin PBXContainerItemProxy section */
		C7710AC02DA5694100233E75 /* PBXContainerItemProxy */ = {
			isa = PBXContainerItemProxy;
			containerPortal = C7710AA72DA5693F00233E75 /* Project object */;
			proxyType = 1;
			remoteGlobalIDString = C7710AAE2DA5693F00233E75;
			remoteInfo = RegisterApp;
		};
		C7710ACA2DA5694100233E75 /* PBXContainerItemProxy */ = {
			isa = PBXContainerItemProxy;
			containerPortal = C7710AA72DA5693F00233E75 /* Project object */;
			proxyType = 1;
			remoteGlobalIDString = C7710AAE2DA5693F00233E75;
			remoteInfo = RegisterApp;
		};
/* End PBXContainerItemProxy section */

/* Begin PBXFileReference section */
		C7710AAF2DA5693F00233E75 /* RegisterApp.app */ = {isa = PBXFileReference; explicitFileType = wrapper.application; includeInIndex = 0; path = RegisterApp.app; sourceTree = BUILT_PRODUCTS_DIR; };
		C7710AB22DA5693F00233E75 /* RegisterAppApp.swift */ = {isa = PBXFileReference; lastKnownFileType = sourcecode.swift; path = RegisterAppApp.swift; sourceTree = "<group>"; };
		C7710AB42DA5693F00233E75 /* ContentView.swift */ = {isa = PBXFileReference; lastKnownFileType = sourcecode.swift; path = ContentView.swift; sourceTree = "<group>"; };
		C7710AB62DA5694100233E75 /* Assets.xcassets */ = {isa = PBXFileReference; lastKnownFileType = folder.assetcatalog; path = Assets.xcassets; sourceTree = "<group>"; };
		C7710AB92DA5694100233E75 /* Preview Assets.xcassets */ = {isa = PBXFileReference; lastKnownFileType = folder.assetcatalog; path = "Preview Assets.xcassets"; sourceTree = "<group>"; };
		C7710ABF2DA5694100233E75 /* RegisterAppTests.xctest */ = {isa = PBXFileReference; explicitFileType = wrapper.cfbundle; includeInIndex = 0; path = RegisterAppTests.xctest; sourceTree = BUILT_PRODUCTS_DIR; };
		C7710AC32DA5694100233E75 /* RegisterAppTests.swift */ = {isa = PBXFileReference; lastKnownFileType = sourcecode.swift; path = RegisterAppTests.swift; sourceTree = "<group>"; };
		C7710AC92DA5694100233E75 /* RegisterAppUITests.xctest */ = {isa = PBXFileReference; explicitFileType = wrapper.cfbundle; includeInIndex = 0; path = RegisterAppUITests.xctest; sourceTree = BUILT_PRODUCTS_DIR; };
		C7710ACD2DA5694100233E75 /* RegisterAppUITests.swift */ = {isa = PBXFileReference; lastKnownFileType = sourcecode.swift; path = RegisterAppUITests.swift; sourceTree = "<group>"; };
		C7710ACF2DA5694100233E75 /* RegisterAppUITestsLaunchTests.swift */ = {isa = PBXFileReference; lastKnownFileType = sourcecode.swift; path = RegisterAppUITestsLaunchTests.swift; sourceTree = "<group>"; };
/* End PBXFileReference section */

/* Begin PBXFrameworksBuildPhase section */
		C7710AAC2DA5693F00233E75 /* Frameworks */ = {
			isa = PBXFrameworksBuildPhase;
			buildActionMask = 2147483647;
			files = (
			);
			runOnlyForDeploymentPostprocessing = 0;
		};
		C7710ABC2DA5694100233E75 /* Frameworks */ = {
			isa = PBXFrameworksBuildPhase;
			buildActionMask = 2147483647;
			files = (
			);
			runOnlyForDeploymentPostprocessing = 0;
		};
		C7710AC62DA5694100233E75 /* Frameworks */ = {
			isa = PBXFrameworksBuildPhase;
			buildActionMask = 2147483647;
			files = (
			);
			runOnlyForDeploymentPostprocessing = 0;
		};
/* End PBXFrameworksBuildPhase section */

/* Begin PBXGroup section */
		C7710AA62DA5693F00233E75 = {
			isa = PBXGroup;
			children = (
				C7710AB12DA5693F00233E75 /* RegisterApp */,
				C7710AC22DA5694100233E75 /* RegisterAppTests */,
				C7710ACC2DA5694100233E75 /* RegisterAppUITests */,
				C7710AB02DA5693F00233E75 /* Products */,
			);
			sourceTree = "<group>";
		};
		C7710AB02DA5693F00233E75 /* Products */ = {
			isa = PBXGroup;
			children = (
				C7710AAF2DA5693F00233E75 /* RegisterApp.app */,
				C7710ABF2DA5694100233E75 /* RegisterAppTests.xctest */,
				C7710AC92DA5694100233E75 /* RegisterAppUITests.xctest */,
			);
			name = Products;
			sourceTree = "<group>";
		};
		C7710AB12DA5693F00233E75 /* RegisterApp */ = {
			isa = PBXGroup;
			children = (
				C7710AB22DA5693F00233E75 /* RegisterAppApp.swift */,
				C7710AB42DA5693F00233E75 /* ContentView.swift */,
				C7710AB62DA5694100233E75 /* Assets.xcassets */,
				C7710AB82DA5694100233E75 /* Preview Content */,
			);
			path = RegisterApp;
			sourceTree = "<group>";
		};
		C7710AB82DA5694100233E75 /* Preview Content */ = {
			isa = PBXGroup;
			children = (
				C7710AB92DA5694100233E75 /* Preview Assets.xcassets */,
			);
			path = "Preview Content";
			sourceTree = "<group>";
		};
		C7710AC22DA5694100233E75 /* RegisterAppTests */ = {
			isa = PBXGroup;
			children = (
				C7710AC32DA5694100233E75 /* RegisterAppTests.swift */,
			);
			path = RegisterAppTests;
			sourceTree = "<group>";
		};
		C7710ACC2DA5694100233E75 /* RegisterAppUITests */ = {
			isa = PBXGroup;
			children = (
				C7710ACD2DA5694100233E75 /* RegisterAppUITests.swift */,
				C7710ACF2DA5694100233E75 /* RegisterAppUITestsLaunchTests.swift */,
			);
			path = RegisterAppUITests;
			sourceTree = "<group>";
		};
/* End PBXGroup section */

/* Begin PBXNativeTarget section */
		C7710AAE2DA5693F00233E75 /* RegisterApp */ = {
			isa = PBXNativeTarget;
			buildConfigurationList = C7710AD32DA5694100233E75 /* Build configuration list for PBXNativeTarget "RegisterApp" */;
			buildPhases = (
				C7710AAB2DA5693F00233E75 /* Sources */,
				C7710AAC2DA5693F00233E75 /* Frameworks */,
				C7710AAD2DA5693F00233E75 /* Resources */,
			);
			buildRules = (
			);
			dependencies = (
			);
			name = RegisterApp;
			productName = RegisterApp;
			productReference = C7710AAF2DA5693F00233E75 /* RegisterApp.app */;
			productType = "com.apple.product-type.application";
		};
		C7710ABE2DA5694100233E75 /* RegisterAppTests */ = {
			isa = PBXNativeTarget;
			buildConfigurationList = C7710AD62DA5694100233E75 /* Build configuration list for PBXNativeTarget "RegisterAppTests" */;
			buildPhases = (
				C7710ABB2DA5694100233E75 /* Sources */,
				C7710ABC2DA5694100233E75 /* Frameworks */,
				C7710ABD2DA5694100233E75 /* Resources */,
			);
			buildRules = (
			);
			dependencies = (
				C7710AC12DA5694100233E75 /* PBXTargetDependency */,
			);
			name = RegisterAppTests;
			productName = RegisterAppTests;
			productReference = C7710ABF2DA5694100233E75 /* RegisterAppTests.xctest */;
			productType = "com.apple.product-type.bundle.unit-test";
		};
		C7710AC82DA5694100233E75 /* RegisterAppUITests */ = {
			isa = PBXNativeTarget;
			buildConfigurationList = C7710AD92DA5694100233E75 /* Build configuration list for PBXNativeTarget "RegisterAppUITests" */;
			buildPhases = (
				C7710AC52DA5694100233E75 /* Sources */,
				C7710AC62DA5694100233E75 /* Frameworks */,
				C7710AC72DA5694100233E75 /* Resources */,
			);
			buildRules = (
			);
			dependencies = (
				C7710ACB2DA5694100233E75 /* PBXTargetDependency */,
			);
			name = RegisterAppUITests;
			productName = RegisterAppUITests;
			productReference = C7710AC92DA5694100233E75 /* RegisterAppUITests.xctest */;
			productType = "com.apple.product-type.bundle.ui-testing";
		};
/* End PBXNativeTarget section */

/* Begin PBXProject section */
		C7710AA72DA5693F00233E75 /* Project object */ = {
			isa = PBXProject;
			attributes = {
				BuildIndependentTargetsInParallel = 1;
				LastSwiftUpdateCheck = 1540;
				LastUpgradeCheck = 1540;
				TargetAttributes = {
					C7710AAE2DA5693F00233E75 = {
						CreatedOnToolsVersion = 15.4;
					};
					C7710ABE2DA5694100233E75 = {
						CreatedOnToolsVersion = 15.4;
						TestTargetID = C7710AAE2DA5693F00233E75;
					};
					C7710AC82DA5694100233E75 = {
						CreatedOnToolsVersion = 15.4;
						TestTargetID = C7710AAE2DA5693F00233E75;
					};
				};
			};
			buildConfigurationList = C7710AAA2DA5693F00233E75 /* Build configuration list for PBXProject "RegisterApp" */;
			compatibilityVersion = "Xcode 14.0";
			developmentRegion = en;
			hasScannedForEncodings = 0;
			knownRegions = (
				en,
				Base,
			);
			mainGroup = C7710AA62DA5693F00233E75;
			productRefGroup = C7710AB02DA5693F00233E75 /* Products */;
			projectDirPath = "";
			projectRoot = "";
			targets = (
				C7710AAE2DA5693F00233E75 /* RegisterApp */,
				C7710ABE2DA5694100233E75 /* RegisterAppTests */,
				C7710AC82DA5694100233E75 /* RegisterAppUITests */,
			);
		};
/* End PBXProject section */

/* Begin PBXResourcesBuildPhase section */
		C7710AAD2DA5693F00233E75 /* Resources */ = {
			isa = PBXResourcesBuildPhase;
			buildActionMask = 2147483647;
			files = (
				C7710ABA2DA5694100233E75 /* Preview Assets.xcassets in Resources */,
				C7710AB72DA5694100233E75 /* Assets.xcassets in Resources */,
			);
			runOnlyForDeploymentPostprocessing = 0;
		};
		C7710ABD2DA5694100233E75 /* Resources */ = {
			isa = PBXResourcesBuildPhase;
			buildActionMask = 2147483647;
			files = (
			);
			runOnlyForDeploymentPostprocessing = 0;
		};
		C7710AC72DA5694100233E75 /* Resources */ = {
			isa = PBXResourcesBuildPhase;
			buildActionMask = 2147483647;
			files = (
			);
			runOnlyForDeploymentPostprocessing = 0;
		};
/* End PBXResourcesBuildPhase section */

/* Begin PBXSourcesBuildPhase section */
		C7710AAB2DA5693F00233E75 /* Sources */ = {
			isa = PBXSourcesBuildPhase;
			buildActionMask = 2147483647;
			files = (
				C7710AB52DA5693F00233E75 /* ContentView.swift in Sources */,
				C7710AB32DA5693F00233E75 /* RegisterAppApp.swift in Sources */,
			);
			runOnlyForDeploymentPostprocessing = 0;
		};
		C7710ABB2DA5694100233E75 /* Sources */ = {
			isa = PBXSourcesBuildPhase;
			buildActionMask = 2147483647;
			files = (
				C7710AC42DA5694100233E75 /* RegisterAppTests.swift in Sources */,
			);
			runOnlyForDeploymentPostprocessing = 0;
		};
		C7710AC52DA5694100233E75 /* Sources */ = {
			isa = PBXSourcesBuildPhase;
			buildActionMask = 2147483647;
			files = (
				C7710ACE2DA5694100233E75 /* RegisterAppUITests.swift in Sources */,
				C7710AD02DA5694100233E75 /* RegisterAppUITestsLaunchTests.swift in Sources */,
			);
			runOnlyForDeploymentPostprocessing = 0;
		};
/* End PBXSourcesBuildPhase section */

/* Begin PBXTargetDependency section */
		C7710AC12DA5694100233E75 /* PBXTargetDependency */ = {
			isa = PBXTargetDependency;
			target = C7710AAE2DA5693F00233E75 /* RegisterApp */;
			targetProxy = C7710AC02DA5694100233E75 /* PBXContainerItemProxy */;
		};
		C7710ACB2DA5694100233E75 /* PBXTargetDependency */ = {
			isa = PBXTargetDependency;
			target = C7710AAE2DA5693F00233E75 /* RegisterApp */;
			targetProxy = C7710ACA2DA5694100233E75 /* PBXContainerItemProxy */;
		};
/* End PBXTargetDependency section */

/* Begin XCBuildConfiguration section */
		C7710AD12DA5694100233E75 /* Debug */ = {
			isa = XCBuildConfiguration;
			buildSettings = {
				ALWAYS_SEARCH_USER_PATHS = NO;
				ASSETCATALOG_COMPILER_GENERATE_SWIFT_ASSET_SYMBOL_EXTENSIONS = YES;
				CLANG_ANALYZER_NONNULL = YES;
				CLANG_ANALYZER_NUMBER_OBJECT_CONVERSION = YES_AGGRESSIVE;
				CLANG_CXX_LANGUAGE_STANDARD = "gnu++20";
				CLANG_ENABLE_MODULES = YES;
				CLANG_ENABLE_OBJC_ARC = YES;
				CLANG_ENABLE_OBJC_WEAK = YES;
				CLANG_WARN_BLOCK_CAPTURE_AUTORELEASING = YES;
				CLANG_WARN_BOOL_CONVERSION = YES;
				CLANG_WARN_COMMA = YES;
				CLANG_WARN_CONSTANT_CONVERSION = YES;
				CLANG_WARN_DEPRECATED_OBJC_IMPLEMENTATIONS = YES;
				CLANG_WARN_DIRECT_OBJC_ISA_USAGE = YES_ERROR;
				CLANG_WARN_DOCUMENTATION_COMMENTS = YES;
				CLANG_WARN_EMPTY_BODY = YES;
				CLANG_WARN_ENUM_CONVERSION = YES;
				CLANG_WARN_INFINITE_RECURSION = YES;
				CLANG_WARN_INT_CONVERSION = YES;
				CLANG_WARN_NON_LITERAL_NULL_CONVERSION = YES;
				CLANG_WARN_OBJC_IMPLICIT_RETAIN_SELF = YES;
				CLANG_WARN_OBJC_LITERAL_CONVERSION = YES;
				CLANG_WARN_OBJC_ROOT_CLASS = YES_ERROR;
				CLANG_WARN_QUOTED_INCLUDE_IN_FRAMEWORK_HEADER = YES;
				CLANG_WARN_RANGE_LOOP_ANALYSIS = YES;
				CLANG_WARN_STRICT_PROTOTYPES = YES;
				CLANG_WARN_SUSPICIOUS_MOVE = YES;
				CLANG_WARN_UNGUARDED_AVAILABILITY = YES_AGGRESSIVE;
				CLANG_WARN_UNREACHABLE_CODE = YES;
				CLANG_WARN__DUPLICATE_METHOD_MATCH = YES;
				COPY_PHASE_STRIP = NO;
				DEBUG_INFORMATION_FORMAT = dwarf;
				ENABLE_STRICT_OBJC_MSGSEND = YES;
				ENABLE_TESTABILITY = YES;
				ENABLE_USER_SCRIPT_SANDBOXING = YES;
				GCC_C_LANGUAGE_STANDARD = gnu17;
				GCC_DYNAMIC_NO_PIC = NO;
				GCC_NO_COMMON_BLOCKS = YES;
				GCC_OPTIMIZATION_LEVEL = 0;
				GCC_PREPROCESSOR_DEFINITIONS = (
					"DEBUG=1",
					"$(inherited)",
				);
				GCC_WARN_64_TO_32_BIT_CONVERSION = YES;
				GCC_WARN_ABOUT_RETURN_TYPE = YES_ERROR;
				GCC_WARN_UNDECLARED_SELECTOR = YES;
				GCC_WARN_UNINITIALIZED_AUTOS = YES_AGGRESSIVE;
				GCC_WARN_UNUSED_FUNCTION = YES;
				GCC_WARN_UNUSED_VARIABLE = YES;
				IPHONEOS_DEPLOYMENT_TARGET = 17.5;
				LOCALIZATION_PREFERS_STRING_CATALOGS = YES;
				MTL_ENABLE_DEBUG_INFO = INCLUDE_SOURCE;
				MTL_FAST_MATH = YES;
				ONLY_ACTIVE_ARCH = YES;
				SDKROOT = iphoneos;
				SWIFT_ACTIVE_COMPILATION_CONDITIONS = "DEBUG $(inherited)";
				SWIFT_OPTIMIZATION_LEVEL = "-Onone";
			};
			name = Debug;
		};
		C7710AD22DA5694100233E75 /* Release */ = {
			isa = XCBuildConfiguration;
			buildSettings = {
				ALWAYS_SEARCH_USER_PATHS = NO;
				ASSETCATALOG_COMPILER_GENERATE_SWIFT_ASSET_SYMBOL_EXTENSIONS = YES;
				CLANG_ANALYZER_NONNULL = YES;
				CLANG_ANALYZER_NUMBER_OBJECT_CONVERSION = YES_AGGRESSIVE;
				CLANG_CXX_LANGUAGE_STANDARD = "gnu++20";
				CLANG_ENABLE_MODULES = YES;
				CLANG_ENABLE_OBJC_ARC = YES;
				CLANG_ENABLE_OBJC_WEAK = YES;
				CLANG_WARN_BLOCK_CAPTURE_AUTORELEASING = YES;
				CLANG_WARN_BOOL_CONVERSION = YES;
				CLANG_WARN_COMMA = YES;
				CLANG_WARN_CONSTANT_CONVERSION = YES;
				CLANG_WARN_DEPRECATED_OBJC_IMPLEMENTATIONS = YES;
				CLANG_WARN_DIRECT_OBJC_ISA_USAGE = YES_ERROR;
				CLANG_WARN_DOCUMENTATION_COMMENTS = YES;
				CLANG_WARN_EMPTY_BODY = YES;
				CLANG_WARN_ENUM_CONVERSION = YES;
				CLANG_WARN_INFINITE_RECURSION = YES;
				CLANG_WARN_INT_CONVERSION = YES;
				CLANG_WARN_NON_LITERAL_NULL_CONVERSION = YES;
				CLANG_WARN_OBJC_IMPLICIT_RETAIN_SELF = YES;
				CLANG_WARN_OBJC_LITERAL_CONVERSION = YES;
				CLANG_WARN_OBJC_ROOT_CLASS = YES_ERROR;
				CLANG_WARN_QUOTED_INCLUDE_IN_FRAMEWORK_HEADER = YES;
				CLANG_WARN_RANGE_LOOP_ANALYSIS = YES;
				CLANG_WARN_STRICT_PROTOTYPES = YES;
				CLANG_WARN_SUSPICIOUS_MOVE = YES;
				CLANG_WARN_UNGUARDED_AVAILABILITY = YES_AGGRESSIVE;
				CLANG_WARN_UNREACHABLE_CODE = YES;
				CLANG_WARN__DUPLICATE_METHOD_MATCH = YES;
				COPY_PHASE_STRIP = NO;
				DEBUG_INFORMATION_FORMAT = "dwarf-with-dsym";
				ENABLE_NS_ASSERTIONS = NO;
				ENABLE_STRICT_OBJC_MSGSEND = YES;
				ENABLE_USER_SCRIPT_SANDBOXING = YES;
				GCC_C_LANGUAGE_STANDARD = gnu17;
				GCC_NO_COMMON_BLOCKS = YES;
				GCC_WARN_64_TO_32_BIT_CONVERSION = YES;
				GCC_WARN_ABOUT_RETURN_TYPE = YES_ERROR;
				GCC_WARN_UNDECLARED_SELECTOR = YES;
				GCC_WARN_UNINITIALIZED_AUTOS = YES_AGGRESSIVE;
				GCC_WARN_UNUSED_FUNCTION = YES;
				GCC_WARN_UNUSED_VARIABLE = YES;
				IPHONEOS_DEPLOYMENT_TARGET = 17.5;
				LOCALIZATION_PREFERS_STRING_CATALOGS = YES;
				MTL_ENABLE_DEBUG_INFO = NO;
				MTL_FAST_MATH = YES;
				SDKROOT = iphoneos;
				SWIFT_COMPILATION_MODE = wholemodule;
				VALIDATE_PRODUCT = YES;
			};
			name = Release;
		};
		C7710AD42DA5694100233E75 /* Debug */ = {
			isa = XCBuildConfiguration;
			buildSettings = {
				ASSETCATALOG_COMPILER_APPICON_NAME = AppIcon;
				ASSETCATALOG_COMPILER_GLOBAL_ACCENT_COLOR_NAME = AccentColor;
				CODE_SIGN_STYLE = Automatic;
				CURRENT_PROJECT_VERSION = 1;
				DEVELOPMENT_ASSET_PATHS = "\"RegisterApp/Preview Content\"";
				DEVELOPMENT_TEAM = 3E58HZ3BUZ;
				ENABLE_PREVIEWS = YES;
				GENERATE_INFOPLIST_FILE = YES;
				INFOPLIST_KEY_UIApplicationSceneManifest_Generation = YES;
				INFOPLIST_KEY_UIApplicationSupportsIndirectInputEvents = YES;
				INFOPLIST_KEY_UILaunchScreen_Generation = YES;
				INFOPLIST_KEY_UISupportedInterfaceOrientations_iPad = "UIInterfaceOrientationPortrait UIInterfaceOrientationPortraitUpsideDown UIInterfaceOrientationLandscapeLeft UIInterfaceOrientationLandscapeRight";
				INFOPLIST_KEY_UISupportedInterfaceOrientations_iPhone = "UIInterfaceOrientationPortrait UIInterfaceOrientationLandscapeLeft UIInterfaceOrientationLandscapeRight";
				LD_RUNPATH_SEARCH_PATHS = (
					"$(inherited)",
					"@executable_path/Frameworks",
				);
				MARKETING_VERSION = 1.0;
				PRODUCT_BUNDLE_IDENTIFIER = dev.RegisterApp;
				PRODUCT_NAME = "$(TARGET_NAME)";
				SWIFT_EMIT_LOC_STRINGS = YES;
				SWIFT_VERSION = 5.0;
				TARGETED_DEVICE_FAMILY = "1,2";
			};
			name = Debug;
		};
		C7710AD52DA5694100233E75 /* Release */ = {
			isa = XCBuildConfiguration;
			buildSettings = {
				ASSETCATALOG_COMPILER_APPICON_NAME = AppIcon;
				ASSETCATALOG_COMPILER_GLOBAL_ACCENT_COLOR_NAME = AccentColor;
				CODE_SIGN_STYLE = Automatic;
				CURRENT_PROJECT_VERSION = 1;
				DEVELOPMENT_ASSET_PATHS = "\"RegisterApp/Preview Content\"";
				DEVELOPMENT_TEAM = 3E58HZ3BUZ;
				ENABLE_PREVIEWS = YES;
				GENERATE_INFOPLIST_FILE = YES;
				INFOPLIST_KEY_UIApplicationSceneManifest_Generation = YES;
				INFOPLIST_KEY_UIApplicationSupportsIndirectInputEvents = YES;
				INFOPLIST_KEY_UILaunchScreen_Generation = YES;
				INFOPLIST_KEY_UISupportedInterfaceOrientations_iPad = "UIInterfaceOrientationPortrait UIInterfaceOrientationPortraitUpsideDown UIInterfaceOrientationLandscapeLeft UIInterfaceOrientationLandscapeRight";
				INFOPLIST_KEY_UISupportedInterfaceOrientations_iPhone = "UIInterfaceOrientationPortrait UIInterfaceOrientationLandscapeLeft UIInterfaceOrientationLandscapeRight";
				LD_RUNPATH_SEARCH_PATHS = (
					"$(inherited)",
					"@executable_path/Frameworks",
				);
				MARKETING_VERSION = 1.0;
				PRODUCT_BUNDLE_IDENTIFIER = dev.RegisterApp;
				PRODUCT_NAME = "$(TARGET_NAME)";
				SWIFT_EMIT_LOC_STRINGS = YES;
				SWIFT_VERSION = 5.0;
				TARGETED_DEVICE_FAMILY = "1,2";
			};
			name = Release;
		};
		C7710AD72DA5694100233E75 /* Debug */ = {
			isa = XCBuildConfiguration;
			buildSettings = {
				ALWAYS_EMBED_SWIFT_STANDARD_LIBRARIES = YES;
				BUNDLE_LOADER = "$(TEST_HOST)";
				CODE_SIGN_STYLE = Automatic;
				CURRENT_PROJECT_VERSION = 1;
				DEVELOPMENT_TEAM = 3E58HZ3BUZ;
				GENERATE_INFOPLIST_FILE = YES;
				IPHONEOS_DEPLOYMENT_TARGET = 17.5;
				MARKETING_VERSION = 1.0;
				PRODUCT_BUNDLE_IDENTIFIER = dev.RegisterAppTests;
				PRODUCT_NAME = "$(TARGET_NAME)";
				SWIFT_EMIT_LOC_STRINGS = NO;
				SWIFT_VERSION = 5.0;
				TARGETED_DEVICE_FAMILY = "1,2";
				TEST_HOST = "$(BUILT_PRODUCTS_DIR)/RegisterApp.app/$(BUNDLE_EXECUTABLE_FOLDER_PATH)/RegisterApp";
			};
			name = Debug;
		};
		C7710AD82DA5694100233E75 /* Release */ = {
			isa = XCBuildConfiguration;
			buildSettings = {
				ALWAYS_EMBED_SWIFT_STANDARD_LIBRARIES = YES;
				BUNDLE_LOADER = "$(TEST_HOST)";
				CODE_SIGN_STYLE = Automatic;
				CURRENT_PROJECT_VERSION = 1;
				DEVELOPMENT_TEAM = 3E58HZ3BUZ;
				GENERATE_INFOPLIST_FILE = YES;
				IPHONEOS_DEPLOYMENT_TARGET = 17.5;
				MARKETING_VERSION = 1.0;
				PRODUCT_BUNDLE_IDENTIFIER = dev.RegisterAppTests;
				PRODUCT_NAME = "$(TARGET_NAME)";
				SWIFT_EMIT_LOC_STRINGS = NO;
				SWIFT_VERSION = 5.0;
				TARGETED_DEVICE_FAMILY = "1,2";
				TEST_HOST = "$(BUILT_PRODUCTS_DIR)/RegisterApp.app/$(BUNDLE_EXECUTABLE_FOLDER_PATH)/RegisterApp";
			};
			name = Release;
		};
		C7710ADA2DA5694100233E75 /* Debug */ = {
			isa = XCBuildConfiguration;
			buildSettings = {
				ALWAYS_EMBED_SWIFT_STANDARD_LIBRARIES = YES;
				CODE_SIGN_STYLE = Automatic;
				CURRENT_PROJECT_VERSION = 1;
				DEVELOPMENT_TEAM = 3E58HZ3BUZ;
				GENERATE_INFOPLIST_FILE = YES;
				MARKETING_VERSION = 1.0;
				PRODUCT_BUNDLE_IDENTIFIER = dev.RegisterAppUITests;
				PRODUCT_NAME = "$(TARGET_NAME)";
				SWIFT_EMIT_LOC_STRINGS = NO;
				SWIFT_VERSION = 5.0;
				TARGETED_DEVICE_FAMILY = "1,2";
				TEST_TARGET_NAME = RegisterApp;
			};
			name = Debug;
		};
		C7710ADB2DA5694100233E75 /* Release */ = {
			isa = XCBuildConfiguration;
			buildSettings = {
				ALWAYS_EMBED_SWIFT_STANDARD_LIBRARIES = YES;
				CODE_SIGN_STYLE = Automatic;
				CURRENT_PROJECT_VERSION = 1;
				DEVELOPMENT_TEAM = 3E58HZ3BUZ;
				GENERATE_INFOPLIST_FILE = YES;
				MARKETING_VERSION = 1.0;
				PRODUCT_BUNDLE_IDENTIFIER = dev.RegisterAppUITests;
				PRODUCT_NAME = "$(TARGET_NAME)";
				SWIFT_EMIT_LOC_STRINGS = NO;
				SWIFT_VERSION = 5.0;
				TARGETED_DEVICE_FAMILY = "1,2";
				TEST_TARGET_NAME = RegisterApp;
			};
			name = Release;
		};
/* End XCBuildConfiguration section */

/* Begin XCConfigurationList section */
		C7710AAA2DA5693F00233E75 /* Build configuration list for PBXProject "RegisterApp" */ = {
			isa = XCConfigurationList;
			buildConfigurations = (
				C7710AD12DA5694100233E75 /* Debug */,
				C7710AD22DA5694100233E75 /* Release */,
			);
			defaultConfigurationIsVisible = 0;
			defaultConfigurationName = Release;
		};
		C7710AD32DA5694100233E75 /* Build configuration list for PBXNativeTarget "RegisterApp" */ = {
			isa = XCConfigurationList;
			buildConfigurations = (
				C7710AD42DA5694100233E75 /* Debug */,
				C7710AD52DA5694100233E75 /* Release */,
			);
			defaultConfigurationIsVisible = 0;
			defaultConfigurationName = Release;
		};
		C7710AD62DA5694100233E75 /* Build configuration list for PBXNativeTarget "RegisterAppTests" */ = {
			isa = XCConfigurationList;
			buildConfigurations = (
				C7710AD72DA5694100233E75 /* Debug */,
				C7710AD82DA5694100233E75 /* Release */,
			);
			defaultConfigurationIsVisible = 0;
			defaultConfigurationName = Release;
		};
		C7710AD92DA5694100233E75 /* Build configuration list for PBXNativeTarget "RegisterAppUITests" */ = {
			isa = XCConfigurationList;
			buildConfigurations = (
				C7710ADA2DA5694100233E75 /* Debug */,
				C7710ADB2DA5694100233E75 /* Release */,
			);
			defaultConfigurationIsVisible = 0;
			defaultConfigurationName = Release;
		};
/* End XCConfigurationList section */
	};
	rootObject = C7710AA72DA5693F00233E75 /* Project object */;
}
